
Microsoft Visual Studio Solution File, Format Version 12.00
# Visual Studio Version 16
VisualStudioVersion = 16.0.29123.88
MinimumVisualStudioVersion = 10.0.40219.1
Project("{FAE04EC0-301F-11D3-BF4B-00C04F79EFBC}") = "CensorStopVPN.Win", "CensorStopVPN.Win\CensorStopVPN.Win.csproj", "{4817E5D2-B538-44E7-8814-B6496B5611DA}"
EndProject
Global
	GlobalSection(SolutionConfigurationPlatforms) = preSolution
		Debug|Any CPU = Debug|Any CPU
		Release|Any CPU = Release|Any CPU
	EndGlobalSection
	GlobalSection(ProjectConfigurationPlatforms) = postSolution
		{4817E5D2-B538-44E7-8814-B6496B5611DA}.Debug|Any CPU.ActiveCfg = Debug|Any CPU
		{4817E5D2-B538-44E7-8814-B6496B5611DA}.Debug|Any CPU.Build.0 = Debug|Any CPU
		{4817E5D2-B538-44E7-8814-B6496B5611DA}.Release|Any CPU.ActiveCfg = Release|Any CPU
		{4817E5D2-B538-44E7-8814-B6496B5611DA}.Release|Any CPU.Build.0 = Release|Any CPU
	EndGlobalSection
	GlobalSection(SolutionProperties) = preSolution
		HideSolutionNode = FALSE
	EndGlobalSection
	GlobalSection(ExtensibilityGlobals) = postSolution
		SolutionGuid = {27D04A0A-1014-433A-9686-97B26AF848F1}
	EndGlobalSection
EndGlobal
